
Microsoft Visual Studio Solution File, Format Version 12.00
# Visual Studio Version 17
VisualStudioVersion = 17.1.32407.343
MinimumVisualStudioVersion = 10.0.40219.1
Project("{FAE04EC0-301F-11D3-BF4B-00C04F79EFBC}") = "AutoShop", "AutoShop\AutoShop.csproj", "{8B26D4C3-05BA-43E5-BC99-D2C439B1B8F5}"
EndProject
Global
	GlobalSection(SolutionConfigurationPlatforms) = preSolution
		Debug|Any CPU = Debug|Any CPU
		Release|Any CPU = Release|Any CPU
	EndGlobalSection
	GlobalSection(ProjectConfigurationPlatforms) = postSolution
		{8B26D4C3-05BA-43E5-BC99-D2C439B1B8F5}.Debug|Any CPU.ActiveCfg = Debug|Any CPU
		{8B26D4C3-05BA-43E5-BC99-D2C439B1B8F5}.Debug|Any CPU.Build.0 = Debug|Any CPU
		{8B26D4C3-05BA-43E5-BC99-D2C439B1B8F5}.Release|Any CPU.ActiveCfg = Release|Any CPU
		{8B26D4C3-05BA-43E5-BC99-D2C439B1B8F5}.Release|Any CPU.Build.0 = Release|Any CPU
	EndGlobalSection
	GlobalSection(SolutionProperties) = preSolution
		HideSolutionNode = FALSE
	EndGlobalSection
	GlobalSection(ExtensibilityGlobals) = postSolution
		SolutionGuid = {C75D5553-3130-4873-8AB9-B2CF0579BD0B}
	EndGlobalSection
EndGlobal
